
Microsoft Visual Studio Solution File, Format Version 12.00
# Visual Studio Version 17
VisualStudioVersion = 17.11.35327.3
MinimumVisualStudioVersion = 10.0.40219.1
Project("{FAE04EC0-301F-11D3-BF4B-00C04F79EFBC}") = "MauiAppHotel", "MauiAppHotel\MauiAppHotel.csproj", "{33DD2030-479A-486D-A464-92FB7340693B}"
EndProject
Global
	GlobalSection(SolutionConfigurationPlatforms) = preSolution
		Debug|Any CPU = Debug|Any CPU
		Release|Any CPU = Release|Any CPU
	EndGlobalSection
	GlobalSection(ProjectConfigurationPlatforms) = postSolution
		{33DD2030-479A-486D-A464-92FB7340693B}.Debug|Any CPU.ActiveCfg = Debug|Any CPU
		{33DD2030-479A-486D-A464-92FB7340693B}.Debug|Any CPU.Build.0 = Debug|Any CPU
		{33DD2030-479A-486D-A464-92FB7340693B}.Debug|Any CPU.Deploy.0 = Debug|Any CPU
		{33DD2030-479A-486D-A464-92FB7340693B}.Release|Any CPU.ActiveCfg = Release|Any CPU
		{33DD2030-479A-486D-A464-92FB7340693B}.Release|Any CPU.Build.0 = Release|Any CPU
		{33DD2030-479A-486D-A464-92FB7340693B}.Release|Any CPU.Deploy.0 = Release|Any CPU
	EndGlobalSection
	GlobalSection(SolutionProperties) = preSolution
		HideSolutionNode = FALSE
	EndGlobalSection
	GlobalSection(ExtensibilityGlobals) = postSolution
		SolutionGuid = {46FE5440-5567-4DDE-A91D-9E7CBEFFB1B0}
	EndGlobalSection
EndGlobal
